{
    "_readme": [
        "This file locks the dependencies of your project to a known state",
        "Read more about it at http://getcomposer.org/doc/01-basic-usage.md#composer-lock-the-lock-file"
    ],
    "hash": "9fee48d979c67e360ee2dad277e3b337",
    "packages": [
        {
            "name": "clue/zenity-react",
            "version": "v0.1.0",
            "source": {
                "type": "git",
                "url": "https://github.com/clue/zenity-react.git",
                "reference": "99b1d7226b90e1051b6f422295a4e39c2788cb95"
            },
            "dist": {
                "type": "zip",
                "url": "https://api.github.com/repos/clue/zenity-react/zipball/99b1d7226b90e1051b6f422295a4e39c2788cb95",
                "reference": "99b1d7226b90e1051b6f422295a4e39c2788cb95",
                "shasum": ""
            },
            "require": {
                "icecave/mephisto": "0.1.*",
                "react/promise": "~1"
            },
            "type": "library",
            "autoload": {
                "psr-0": {
                    "Clue\\Zenity\\React": "src/"
                }
            },
            "notification-url": "https://packagist.org/downloads/",
            "license": [
                "MIT"
            ],
            "authors": [
                {
                    "name": "Christian Lück",
                    "email": "christian@lueck.tv"
                }
            ],
            "description": "Async Zenity",
            "time": "2013-09-06 10:32:59"
        },
        {
            "name": "doctrine/inflector",
            "version": "v1.0",
            "source": {
                "type": "git",
                "url": "https://github.com/doctrine/inflector.git",
                "reference": "54b8333d2a5682afdc690060c1cf384ba9f47f08"
            },
            "dist": {
                "type": "zip",
                "url": "https://api.github.com/repos/doctrine/inflector/zipball/54b8333d2a5682afdc690060c1cf384ba9f47f08",
                "reference": "54b8333d2a5682afdc690060c1cf384ba9f47f08",
                "shasum": ""
            },
            "require": {
                "php": ">=5.3.2"
            },
            "type": "library",
            "autoload": {
                "psr-0": {
                    "Doctrine\\Common\\Inflector\\": "lib/"
                }
            },
            "notification-url": "https://packagist.org/downloads/",
            "license": [
                "MIT"
            ],
            "authors": [
                {
                    "name": "Jonathan Wage",
                    "email": "jonwage@gmail.com",
                    "homepage": "http://www.jwage.com/"
                },
                {
                    "name": "Guilherme Blanco",
                    "email": "guilhermeblanco@gmail.com",
                    "homepage": "http://www.instaclick.com"
                },
                {
                    "name": "Roman Borschel",
                    "email": "roman@code-factory.org"
                },
                {
                    "name": "Benjamin Eberlei",
                    "email": "kontakt@beberlei.de"
                },
                {
                    "name": "Johannes Schmitt",
                    "email": "schmittjoh@gmail.com",
                    "homepage": "https://github.com/schmittjoh",
                    "role": "Developer of wrapped JMSSerializerBundle"
                }
            ],
            "description": "Common String Manipulations with regard to casing and singular/plural rules.",
            "homepage": "http://www.doctrine-project.org",
            "keywords": [
                "inflection",
                "pluarlize",
                "singuarlize",
                "string"
            ],
            "time": "2013-01-10 21:49:15"
        },
        {
            "name": "eloquent/enumeration",
            "version": "3.0.2",
            "source": {
                "type": "git",
                "url": "https://github.com/eloquent/enumeration.git",
                "reference": "ee87a3062d71a00cb61167f2d59dd479a129caf6"
            },
            "dist": {
                "type": "zip",
                "url": "https://api.github.com/repos/eloquent/enumeration/zipball/ee87a3062d71a00cb61167f2d59dd479a129caf6",
                "reference": "ee87a3062d71a00cb61167f2d59dd479a129caf6",
                "shasum": ""
            },
            "require": {
                "php": ">=5.3.0"
            },
            "require-dev": {
                "icecave/archer": "~0.2"
            },
            "type": "library",
            "autoload": {
                "psr-0": {
                    "Eloquent\\Enumeration": "src"
                }
            },
            "notification-url": "https://packagist.org/downloads/",
            "license": [
                "MIT"
            ],
            "authors": [
                {
                    "name": "Erin Millard",
                    "email": "ezzatron@gmail.com",
                    "homepage": "http://ezzatron.com/"
                }
            ],
            "description": "An enumeration implementation for PHP.",
            "homepage": "https://github.com/eloquent/enumeration",
            "keywords": [
                "class",
                "enum",
                "enumeration",
                "set"
            ],
            "time": "2013-03-04 09:52:52"
        },
        {
            "name": "evenement/evenement",
            "version": "v1.0.0",
            "source": {
                "type": "git",
                "url": "https://github.com/igorw/evenement.git",
                "reference": "fa966683e7df3e5dd5929d984a44abfbd6bafe8d"
            },
            "dist": {
                "type": "zip",
                "url": "https://api.github.com/repos/igorw/evenement/zipball/fa966683e7df3e5dd5929d984a44abfbd6bafe8d",
                "reference": "fa966683e7df3e5dd5929d984a44abfbd6bafe8d",
                "shasum": ""
            },
            "require": {
                "php": ">=5.3.0"
            },
            "type": "library",
            "autoload": {
                "psr-0": {
                    "Evenement": "src"
                }
            },
            "notification-url": "https://packagist.org/downloads/",
            "license": [
                "MIT"
            ],
            "authors": [
                {
                    "name": "Igor Wiedler",
                    "email": "igor@wiedler.ch",
                    "homepage": "http://wiedler.ch/igor/"
                }
            ],
            "description": "Événement is a very simple event dispatching library for PHP 5.3",
            "keywords": [
                "event-dispatcher"
            ],
            "time": "2012-05-30 15:01:08"
        },
        {
            "name": "guzzle/common",
            "version": "v3.7.2",
            "target-dir": "Guzzle/Common",
            "source": {
                "type": "git",
                "url": "https://github.com/guzzle/common.git",
                "reference": "70c8e8a624e2ef1657ce0045d845bee9f46a325e"
            },
            "dist": {
                "type": "zip",
                "url": "https://api.github.com/repos/guzzle/common/zipball/70c8e8a624e2ef1657ce0045d845bee9f46a325e",
                "reference": "70c8e8a624e2ef1657ce0045d845bee9f46a325e",
                "shasum": ""
            },
            "require": {
                "php": ">=5.3.2",
                "symfony/event-dispatcher": ">=2.1"
            },
            "type": "library",
            "extra": {
                "branch-alias": {
                    "dev-master": "3.7-dev"
                }
            },
            "autoload": {
                "psr-0": {
                    "Guzzle\\Common": ""
                }
            },
            "notification-url": "https://packagist.org/downloads/",
            "license": [
                "MIT"
            ],
            "description": "Common libraries used by Guzzle",
            "homepage": "http://guzzlephp.org/",
            "keywords": [
                "collection",
                "common",
                "event",
                "exception"
            ],
            "time": "2013-08-02 18:31:05"
        },
        {
            "name": "guzzle/http",
            "version": "v3.7.2",
            "target-dir": "Guzzle/Http",
            "source": {
                "type": "git",
                "url": "https://github.com/guzzle/http.git",
                "reference": "a18954489d8af2e04ee9e3bafd3bf703b55459ff"
            },
            "dist": {
                "type": "zip",
                "url": "https://api.github.com/repos/guzzle/http/zipball/a18954489d8af2e04ee9e3bafd3bf703b55459ff",
                "reference": "a18954489d8af2e04ee9e3bafd3bf703b55459ff",
                "shasum": ""
            },
            "require": {
                "guzzle/common": "self.version",
                "guzzle/parser": "self.version",
                "guzzle/stream": "self.version",
                "php": ">=5.3.2"
            },
            "suggest": {
                "ext-curl": "*"
            },
            "type": "library",
            "extra": {
                "branch-alias": {
                    "dev-master": "3.7-dev"
                }
            },
            "autoload": {
                "psr-0": {
                    "Guzzle\\Http": ""
                }
            },
            "notification-url": "https://packagist.org/downloads/",
            "license": [
                "MIT"
            ],
            "authors": [
                {
                    "name": "Michael Dowling",
                    "email": "mtdowling@gmail.com",
                    "homepage": "https://github.com/mtdowling"
                }
            ],
            "description": "HTTP libraries used by Guzzle",
            "homepage": "http://guzzlephp.org/",
            "keywords": [
                "Guzzle",
                "client",
                "curl",
                "http",
                "http client"
            ],
            "time": "2013-07-30 22:07:23"
        },
        {
            "name": "guzzle/parser",
            "version": "v3.7.2",
            "target-dir": "Guzzle/Parser",
            "source": {
                "type": "git",
                "url": "https://github.com/guzzle/parser.git",
                "reference": "a25c2ddda1c52fb69a4ee56eb530b13ddd9573c2"
            },
            "dist": {
                "type": "zip",
                "url": "https://api.github.com/repos/guzzle/parser/zipball/a25c2ddda1c52fb69a4ee56eb530b13ddd9573c2",
                "reference": "a25c2ddda1c52fb69a4ee56eb530b13ddd9573c2",
                "shasum": ""
            },
            "require": {
                "php": ">=5.3.2"
            },
            "type": "library",
            "extra": {
                "branch-alias": {
                    "dev-master": "3.7-dev"
                }
            },
            "autoload": {
                "psr-0": {
                    "Guzzle\\Parser": ""
                }
            },
            "notification-url": "https://packagist.org/downloads/",
            "license": [
                "MIT"
            ],
            "description": "Interchangeable parsers used by Guzzle",
            "homepage": "http://guzzlephp.org/",
            "keywords": [
                "URI Template",
                "cookie",
                "http",
                "message",
                "url"
            ],
            "time": "2013-07-11 22:46:03"
        },
        {
            "name": "guzzle/stream",
            "version": "v3.7.2",
            "target-dir": "Guzzle/Stream",
            "source": {
                "type": "git",
                "url": "https://github.com/guzzle/stream.git",
                "reference": "a86111d9ac7db31d65a053c825869409fe8fc83f"
            },
            "dist": {
                "type": "zip",
                "url": "https://api.github.com/repos/guzzle/stream/zipball/a86111d9ac7db31d65a053c825869409fe8fc83f",
                "reference": "a86111d9ac7db31d65a053c825869409fe8fc83f",
                "shasum": ""
            },
            "require": {
                "guzzle/common": "self.version",
                "php": ">=5.3.2"
            },
            "suggest": {
                "guzzle/http": "To convert Guzzle request objects to PHP streams"
            },
            "type": "library",
            "extra": {
                "branch-alias": {
                    "dev-master": "3.7-dev"
                }
            },
            "autoload": {
                "psr-0": {
                    "Guzzle\\Stream": ""
                }
            },
            "notification-url": "https://packagist.org/downloads/",
            "license": [
                "MIT"
            ],
            "authors": [
                {
                    "name": "Michael Dowling",
                    "email": "mtdowling@gmail.com",
                    "homepage": "https://github.com/mtdowling"
                }
            ],
            "description": "Guzzle stream wrapper component",
            "homepage": "http://guzzlephp.org/",
            "keywords": [
                "Guzzle",
                "component",
                "stream"
            ],
            "time": "2013-07-30 22:07:23"
        },
        {
            "name": "herrera-io/box",
            "version": "1.5.0",
            "source": {
                "type": "git",
                "url": "https://github.com/herrera-io/php-box.git",
                "reference": "1.5.0"
            },
            "dist": {
                "type": "zip",
                "url": "https://api.github.com/repos/herrera-io/php-box/zipball/1.5.0",
                "reference": "1.5.0",
                "shasum": ""
            },
            "require": {
                "ext-phar": "*",
                "herrera-io/file-system-functions": "1.*",
                "php": ">=5.3.3"
            },
            "require-dev": {
                "herrera-io/annotations": "~1.0",
                "herrera-io/phpunit-test-case": "1.*",
                "mikey179/vfsstream": "1.1.0",
                "phpseclib/phpseclib": "~0.3",
                "phpunit/phpunit": "3.7.*"
            },
            "suggest": {
                "herrera-io/annotations": "For compacting annotated docblocks.",
                "phpseclib/phpseclib": "For verifying OpenSSL signed phars without the phar extension."
            },
            "type": "library",
            "extra": {
                "branch-alias": {
                    "dev-master": "1.0-dev"
                }
            },
            "autoload": {
                "psr-0": {
                    "Herrera\\Box": "src/lib"
                }
            },
            "notification-url": "https://packagist.org/downloads/",
            "license": [
                "MIT"
            ],
            "authors": [
                {
                    "name": "Kevin Herrera",
                    "email": "kevin@herrera.io",
                    "homepage": "http://kevin.herrera.io"
                }
            ],
            "description": "A library for simplifying the PHAR build process.",
            "homepage": "http://herrera-io.github.com/php-box",
            "keywords": [
                "phar"
            ],
            "time": "2013-08-09 22:42:01"
        },
        {
            "name": "herrera-io/file-system-functions",
            "version": "1.0.0",
            "source": {
                "type": "git",
                "url": "https://github.com/herrera-io/php-fs-functions.git",
                "reference": "1.0.0"
            },
            "dist": {
                "type": "zip",
                "url": "https://github.com/herrera-io/php-fs-functions/archive/1.0.0.zip",
                "reference": "1.0.0",
                "shasum": ""
            },
            "require": {
                "php": ">=5.3"
            },
            "type": "library",
            "extra": {
                "branch-alias": {
                    "dev-master": "1.0-dev"
                }
            },
            "autoload": {
                "files": [
                    "src/lib/fs_functions.php"
                ]
            },
            "notification-url": "https://packagist.org/downloads/",
            "license": [
                "MIT"
            ],
            "authors": [
                {
                    "name": "Kevin Herrera",
                    "email": "kevin@herrera.io",
                    "homepage": "http://kevin.herrera.io"
                }
            ],
            "description": "A collection of file system related functions.",
            "homepage": "https://code.herrera.io/php-fs-functions",
            "keywords": [
                "file",
                "functions"
            ],
            "time": "2013-01-20 21:22:52"
        },
        {
            "name": "icecave/collections",
            "version": "0.6.0",
            "source": {
                "type": "git",
                "url": "https://github.com/IcecaveStudios/collections.git",
                "reference": "b36f5d1d148ba772753feaae1cee252c706d718c"
            },
            "dist": {
                "type": "zip",
                "url": "https://api.github.com/repos/IcecaveStudios/collections/zipball/b36f5d1d148ba772753feaae1cee252c706d718c",
                "reference": "b36f5d1d148ba772753feaae1cee252c706d718c",
                "shasum": ""
            },
            "require": {
                "icecave/repr": "~1",
                "php": ">=5.3.3"
            },
            "require-dev": {
                "eloquent/liberator": "~1",
                "eloquent/typhoon": "~0.9",
                "icecave/archer": "~0.2"
            },
            "type": "library",
            "extra": {
                "typhoon": {
                    "output-path": "lib-typhoon",
                    "validator-namespace": "Icecave\\Collections\\TypeCheck",
                    "use-native-callable": false
                }
            },
            "autoload": {
                "psr-0": {
                    "Icecave\\Collections": "lib",
                    "Icecave\\Collections\\TypeCheck": "lib-typhoon"
                }
            },
            "notification-url": "https://packagist.org/downloads/",
            "license": [
                "MIT"
            ],
            "authors": [
                {
                    "name": "James Harris",
                    "email": "james.harris@icecave.com.au",
                    "homepage": "https://github.com/jmalloc"
                }
            ],
            "description": "A set of PHP collection types loosely inspired by the .NET runtime and the C++ STL.",
            "homepage": "https://github.com/IcecaveStudios/collections",
            "keywords": [
                "array",
                "collection",
                "container",
                "hash",
                "map",
                "queue",
                "sequence",
                "stack"
            ],
            "time": "2013-02-26 04:19:11"
        },
        {
            "name": "icecave/isolator",
            "version": "2.2.0",
            "source": {
                "type": "git",
                "url": "https://github.com/IcecaveStudios/isolator.git",
                "reference": "2f3fbfcee90790fb3ddde9d4288a2a927cdf6dd6"
            },
            "dist": {
                "type": "zip",
                "url": "https://api.github.com/repos/IcecaveStudios/isolator/zipball/2f3fbfcee90790fb3ddde9d4288a2a927cdf6dd6",
                "reference": "2f3fbfcee90790fb3ddde9d4288a2a927cdf6dd6",
                "shasum": ""
            },
            "require": {
                "php": ">=5.3"
            },
            "require-dev": {
                "icecave/archer": "~0.4"
            },
            "type": "library",
            "autoload": {
                "psr-0": {
                    "Icecave\\Isolator": "lib"
                }
            },
            "notification-url": "https://packagist.org/downloads/",
            "license": [
                "MIT"
            ],
            "authors": [
                {
                    "name": "James Harris",
                    "email": "james.harris@icecave.com.au",
                    "homepage": "https://github.com/jmalloc"
                }
            ],
            "description": "Isolate PHP tests from the global environment.",
            "homepage": "https://github.com/IcecaveStudios/isolator",
            "keywords": [
                "fake",
                "mock",
                "phake",
                "phpunit",
                "test",
                "unit"
            ],
            "time": "2013-06-04 05:00:29"
        },
        {
            "name": "icecave/mephisto",
            "version": "0.1.0",
            "source": {
                "type": "git",
                "url": "https://github.com/IcecaveStudios/mephisto.git",
                "reference": "737eaae1a42d6e36bee72a41e1ab2981b7a60863"
            },
            "dist": {
                "type": "zip",
                "url": "https://api.github.com/repos/IcecaveStudios/mephisto/zipball/737eaae1a42d6e36bee72a41e1ab2981b7a60863",
                "reference": "737eaae1a42d6e36bee72a41e1ab2981b7a60863",
                "shasum": ""
            },
            "require": {
                "eloquent/enumeration": "~3",
                "ext-pcntl": "*",
                "ext-posix": "*",
                "icecave/collections": "0.6.*",
                "icecave/isolator": "~2.2",
                "php": ">=5.3",
                "react/event-loop": "0.3.*",
                "react/stream": "0.3.*"
            },
            "require-dev": {
                "eloquent/liberator": "~1",
                "eloquent/typhoon": "0.9.*",
                "icecave/archer": "1.0.0-alpha.2"
            },
            "type": "library",
            "extra": {
                "typhoon": {
                    "output-path": "lib-typhoon",
                    "validator-namespace": "Icecave\\Mephisto\\TypeCheck",
                    "use-native-callable": false
                }
            },
            "autoload": {
                "psr-0": {
                    "Icecave\\Mephisto": "lib",
                    "Icecave\\Mephisto\\TypeCheck": "lib-typhoon"
                }
            },
            "notification-url": "https://packagist.org/downloads/",
            "license": [
                "MIT"
            ],
            "authors": [
                {
                    "name": "James Harris",
                    "email": "james.harris@icecave.com.au",
                    "homepage": "https://github.com/jmalloc"
                }
            ],
            "description": "An asynchronous process management library for ReactPHP.",
            "homepage": "https://github.com/IcecaveStudios/mephisto",
            "keywords": [
                "background",
                "daemon",
                "fork",
                "process",
                "react",
                "server"
            ],
            "time": "2013-09-06 00:17:36"
        },
        {
            "name": "icecave/repr",
            "version": "1.0.0",
            "source": {
                "type": "git",
                "url": "https://github.com/IcecaveStudios/repr.git",
                "reference": "9a78b2b12dbb6fbf46d995f7255ee1f1118bfd8b"
            },
            "dist": {
                "type": "zip",
                "url": "https://api.github.com/repos/IcecaveStudios/repr/zipball/9a78b2b12dbb6fbf46d995f7255ee1f1118bfd8b",
                "reference": "9a78b2b12dbb6fbf46d995f7255ee1f1118bfd8b",
                "shasum": ""
            },
            "require": {
                "php": ">=5.3.0"
            },
            "require-dev": {
                "phake/phake": "1.*"
            },
            "type": "library",
            "autoload": {
                "psr-0": {
                    "Icecave\\Repr": "lib"
                }
            },
            "notification-url": "https://packagist.org/downloads/",
            "license": [
                "MIT"
            ],
            "authors": [
                {
                    "name": "James Harris",
                    "email": "james.harris@icecave.com.au",
                    "homepage": "https://github.com/jmalloc"
                }
            ],
            "description": "Human readable string representations of everything.",
            "homepage": "https://github.com/IcecaveStudios/repr",
            "keywords": [
                "repr",
                "representation",
                "string"
            ],
            "time": "2013-01-11 00:04:43"
        },
        {
            "name": "knplabs/packagist-api",
            "version": "dev-master",
            "source": {
                "type": "git",
                "url": "https://github.com/KnpLabs/packagist-api.git",
                "reference": "f8edf32d836d0398a6e38d4a59f1a65601fe7991"
            },
            "dist": {
                "type": "zip",
                "url": "https://api.github.com/repos/KnpLabs/packagist-api/zipball/f8edf32d836d0398a6e38d4a59f1a65601fe7991",
                "reference": "f8edf32d836d0398a6e38d4a59f1a65601fe7991",
                "shasum": ""
            },
            "require": {
                "doctrine/inflector": "~1.0",
                "guzzle/http": "~3.0",
                "php": ">=5.3.2"
            },
            "require-dev": {
                "phpspec/php-diff": "*@dev",
                "phpspec/phpspec2": "1.0.*@dev"
            },
            "type": "library",
            "extra": {
                "branch-alias": {
                    "dev-master": "0.1.x-dev"
                }
            },
            "autoload": {
                "psr-0": {
                    "Packagist\\Api\\": "src/"
                }
            },
            "notification-url": "https://packagist.org/downloads/",
            "license": [
                "MIT"
            ],
            "authors": [
                {
                    "name": "KnpLabs Team",
                    "homepage": "http://knplabs.com"
                }
            ],
            "description": "Packagist API client.",
            "homepage": "http://knplabs.com",
            "keywords": [
                "api",
                "composer",
                "packagist"
            ],
            "time": "2013-08-08 13:48:57"
        },
        {
            "name": "react/event-loop",
            "version": "v0.3.3",
            "target-dir": "React/EventLoop",
            "source": {
                "type": "git",
                "url": "https://github.com/reactphp/event-loop.git",
                "reference": "49208fa3a15c9eae4adf8351ee9caa4064fe550d"
            },
            "dist": {
                "type": "zip",
                "url": "https://api.github.com/repos/reactphp/event-loop/zipball/49208fa3a15c9eae4adf8351ee9caa4064fe550d",
                "reference": "49208fa3a15c9eae4adf8351ee9caa4064fe550d",
                "shasum": ""
            },
            "require": {
                "php": ">=5.3.3"
            },
            "suggest": {
                "ext-libev": "*",
                "ext-libevent": ">=0.0.5"
            },
            "type": "library",
            "extra": {
                "branch-alias": {
                    "dev-master": "0.3-dev"
                }
            },
            "autoload": {
                "psr-0": {
                    "React\\EventLoop": ""
                }
            },
            "notification-url": "https://packagist.org/downloads/",
            "license": [
                "MIT"
            ],
            "description": "Event loop abstraction layer that libraries can use for evented I/O.",
            "keywords": [
                "event-loop"
            ],
            "time": "2013-07-08 22:38:22"
        },
        {
            "name": "react/promise",
            "version": "v1.0.4",
            "source": {
                "type": "git",
                "url": "https://github.com/reactphp/promise.git",
                "reference": "d6de8cae1dbb4878d909c41cb89aff764504472c"
            },
            "dist": {
                "type": "zip",
                "url": "https://api.github.com/repos/reactphp/promise/zipball/d6de8cae1dbb4878d909c41cb89aff764504472c",
                "reference": "d6de8cae1dbb4878d909c41cb89aff764504472c",
                "shasum": ""
            },
            "require": {
                "php": ">=5.3.3"
            },
            "type": "library",
            "extra": {
                "branch-alias": {
                    "dev-master": "1.0-dev"
                }
            },
            "autoload": {
                "psr-0": {
                    "React\\Promise": "src/"
                }
            },
            "notification-url": "https://packagist.org/downloads/",
            "license": [
                "MIT"
            ],
            "authors": [
                {
                    "name": "Jan Sorgalla",
                    "email": "jsorgalla@googlemail.com",
                    "homepage": "http://sorgalla.com",
                    "role": "maintainer"
                }
            ],
            "description": "A lightweight implementation of CommonJS Promises/A for PHP",
            "time": "2013-04-03 14:05:55"
        },
        {
            "name": "react/stream",
            "version": "v0.3.3",
            "target-dir": "React/Stream",
            "source": {
                "type": "git",
                "url": "https://github.com/reactphp/stream.git",
                "reference": "b72900ab00513b591fb101faecad38f9c8eab8da"
            },
            "dist": {
                "type": "zip",
                "url": "https://api.github.com/repos/reactphp/stream/zipball/b72900ab00513b591fb101faecad38f9c8eab8da",
                "reference": "b72900ab00513b591fb101faecad38f9c8eab8da",
                "shasum": ""
            },
            "require": {
                "evenement/evenement": "1.0.*",
                "php": ">=5.3.3"
            },
            "suggest": {
                "react/event-loop": "0.3.*",
                "react/promise": "~1.0"
            },
            "type": "library",
            "extra": {
                "branch-alias": {
                    "dev-master": "0.3-dev"
                }
            },
            "autoload": {
                "psr-0": {
                    "React\\Stream": ""
                }
            },
            "notification-url": "https://packagist.org/downloads/",
            "license": [
                "MIT"
            ],
            "description": "Basic readable and writable stream interfaces that support piping.",
            "keywords": [
                "pipe",
                "stream"
            ],
            "time": "2013-07-09 00:44:12"
        },
        {
            "name": "symfony/console",
            "version": "v2.3.3",
            "target-dir": "Symfony/Component/Console",
            "source": {
                "type": "git",
                "url": "https://github.com/symfony/Console.git",
                "reference": "v2.3.3"
            },
            "dist": {
                "type": "zip",
                "url": "https://api.github.com/repos/symfony/Console/zipball/v2.3.3",
                "reference": "v2.3.3",
                "shasum": ""
            },
            "require": {
                "php": ">=5.3.3"
            },
            "require-dev": {
                "symfony/event-dispatcher": "~2.1"
            },
            "suggest": {
                "symfony/event-dispatcher": ""
            },
            "type": "library",
            "extra": {
                "branch-alias": {
                    "dev-master": "2.3-dev"
                }
            },
            "autoload": {
                "psr-0": {
                    "Symfony\\Component\\Console\\": ""
                }
            },
            "notification-url": "https://packagist.org/downloads/",
            "license": [
                "MIT"
            ],
            "authors": [
                {
                    "name": "Fabien Potencier",
                    "email": "fabien@symfony.com"
                },
                {
                    "name": "Symfony Community",
                    "homepage": "http://symfony.com/contributors"
                }
            ],
            "description": "Symfony Console Component",
            "homepage": "http://symfony.com",
            "time": "2013-07-21 12:12:18"
        },
        {
            "name": "symfony/event-dispatcher",
            "version": "v2.3.4",
            "target-dir": "Symfony/Component/EventDispatcher",
            "source": {
                "type": "git",
                "url": "https://github.com/symfony/EventDispatcher.git",
                "reference": "41c9826457c65fa3cf746f214985b7ca9cba42f8"
            },
            "dist": {
                "type": "zip",
                "url": "https://api.github.com/repos/symfony/EventDispatcher/zipball/41c9826457c65fa3cf746f214985b7ca9cba42f8",
                "reference": "41c9826457c65fa3cf746f214985b7ca9cba42f8",
                "shasum": ""
            },
            "require": {
                "php": ">=5.3.3"
            },
            "require-dev": {
                "symfony/dependency-injection": "~2.0"
            },
            "suggest": {
                "symfony/dependency-injection": "",
                "symfony/http-kernel": ""
            },
            "type": "library",
            "extra": {
                "branch-alias": {
                    "dev-master": "2.3-dev"
                }
            },
            "autoload": {
                "psr-0": {
                    "Symfony\\Component\\EventDispatcher\\": ""
                }
            },
            "notification-url": "https://packagist.org/downloads/",
            "license": [
                "MIT"
            ],
            "authors": [
                {
                    "name": "Fabien Potencier",
                    "email": "fabien@symfony.com"
                },
                {
                    "name": "Symfony Community",
                    "homepage": "http://symfony.com/contributors"
                }
            ],
            "description": "Symfony EventDispatcher Component",
            "homepage": "http://symfony.com",
            "time": "2013-07-21 12:12:18"
        },
        {
            "name": "symfony/finder",
            "version": "v2.3.3",
            "target-dir": "Symfony/Component/Finder",
            "source": {
                "type": "git",
                "url": "https://github.com/symfony/Finder.git",
                "reference": "v2.3.3"
            },
            "dist": {
                "type": "zip",
                "url": "https://api.github.com/repos/symfony/Finder/zipball/v2.3.3",
                "reference": "v2.3.3",
                "shasum": ""
            },
            "require": {
                "php": ">=5.3.3"
            },
            "type": "library",
            "extra": {
                "branch-alias": {
                    "dev-master": "2.3-dev"
                }
            },
            "autoload": {
                "psr-0": {
                    "Symfony\\Component\\Finder\\": ""
                }
            },
            "notification-url": "https://packagist.org/downloads/",
            "license": [
                "MIT"
            ],
            "authors": [
                {
                    "name": "Fabien Potencier",
                    "email": "fabien@symfony.com"
                },
                {
                    "name": "Symfony Community",
                    "homepage": "http://symfony.com/contributors"
                }
            ],
            "description": "Symfony Finder Component",
            "homepage": "http://symfony.com",
            "time": "2013-07-21 12:12:18"
        },
        {
            "name": "symfony/process",
            "version": "v2.3.3",
            "target-dir": "Symfony/Component/Process",
            "source": {
                "type": "git",
                "url": "https://github.com/symfony/Process.git",
                "reference": "v2.3.3"
            },
            "dist": {
                "type": "zip",
                "url": "https://api.github.com/repos/symfony/Process/zipball/v2.3.3",
                "reference": "v2.3.3",
                "shasum": ""
            },
            "require": {
                "php": ">=5.3.3"
            },
            "type": "library",
            "extra": {
                "branch-alias": {
                    "dev-master": "2.3-dev"
                }
            },
            "autoload": {
                "psr-0": {
                    "Symfony\\Component\\Process\\": ""
                }
            },
            "notification-url": "https://packagist.org/downloads/",
            "license": [
                "MIT"
            ],
            "authors": [
                {
                    "name": "Fabien Potencier",
                    "email": "fabien@symfony.com"
                },
                {
                    "name": "Symfony Community",
                    "homepage": "http://symfony.com/contributors"
                }
            ],
            "description": "Symfony Process Component",
            "homepage": "http://symfony.com",
            "time": "2013-08-02 21:51:01"
        }
    ],
    "packages-dev": [

    ],
    "aliases": [

    ],
    "minimum-stability": "stable",
    "stability-flags": {
        "knplabs/packagist-api": 20
    },
    "platform": [

    ],
    "platform-dev": [

    ]
}
